# generated by rye
# use `rye lock` or `rye sync` to update this lockfile
#
# last locked with the following flags:
#   pre: false
#   features: []
#   all-features: false
#   with-sources: false
#   generate-hashes: false
#   universal: false

-e file:.
annotated-types==0.7.0
    # via pydantic
blosc2==2.7.1
    # via tables
bottleneck==1.4.0
    # via linopy
certifi==2024.8.30
    # via netcdf4
    # via pyogrio
    # via pyproj
cftime==1.6.4
    # via netcdf4
click==8.1.7
    # via dask
cloudpickle==3.0.0
    # via dask
    # via doit
colorama==0.4.6
    # via click
    # via tqdm
contourpy==1.3.0
    # via matplotlib
cycler==0.12.1
    # via matplotlib
dask==2024.8.2
    # via linopy
deprecation==2.1.0
    # via linopy
    # via pypsa
doit==0.36.0
    # via ispypsa
et-xmlfile==1.1.0
    # via openpyxl
fonttools==4.53.1
    # via matplotlib
fsspec==2024.6.1
    # via dask
geopandas==1.0.1
    # via pypsa
highspy==1.7.2
    # via pypsa
importlib-metadata==8.5.0
    # via doit
isp-workbook-parser==2.0.1
    # via ispypsa
kiwisolver==1.4.5
    # via matplotlib
linopy==0.3.14
    # via pypsa
locket==1.0.0
    # via partd
matplotlib==3.9.2
    # via pypsa
msgpack==1.0.8
    # via blosc2
ndindex==1.8
    # via blosc2
netcdf4==1.7.1.post2
    # via pypsa
networkx==3.3
    # via pypsa
numexpr==2.10.1
    # via blosc2
    # via linopy
    # via tables
numpy==1.26.4
    # via blosc2
    # via bottleneck
    # via cftime
    # via contourpy
    # via geopandas
    # via highspy
    # via linopy
    # via matplotlib
    # via netcdf4
    # via numexpr
    # via pandas
    # via pyogrio
    # via pypsa
    # via scipy
    # via shapely
    # via tables
    # via xarray
openpyxl==3.1.5
    # via isp-workbook-parser
packaging==24.1
    # via dask
    # via deprecation
    # via geopandas
    # via matplotlib
    # via pyogrio
    # via tables
    # via xarray
pandas==2.2.2
    # via geopandas
    # via isp-workbook-parser
    # via ispypsa
    # via pypsa
    # via xarray
partd==1.4.2
    # via dask
pillow==10.4.0
    # via matplotlib
polars==1.6.0
    # via linopy
py-cpuinfo==9.0.0
    # via blosc2
    # via tables
pydantic==2.9.1
    # via isp-workbook-parser
pydantic-core==2.23.3
    # via pydantic
pyogrio==0.9.0
    # via geopandas
pyparsing==3.1.4
    # via matplotlib
pyproj==3.6.1
    # via geopandas
pypsa==0.30.0
    # via ispypsa
python-dateutil==2.9.0.post0
    # via matplotlib
    # via pandas
pytz==2024.1
    # via pandas
pyyaml==6.0.2
    # via dask
    # via isp-workbook-parser
    # via ispypsa
rapidfuzz==3.9.7
    # via thefuzz
scipy==1.14.1
    # via linopy
    # via pypsa
shapely==2.0.6
    # via geopandas
six==1.16.0
    # via python-dateutil
tables==3.10.1
    # via pypsa
thefuzz==0.22.1
    # via isp-workbook-parser
    # via ispypsa
toolz==0.12.1
    # via dask
    # via linopy
    # via partd
tqdm==4.66.5
    # via linopy
typing-extensions==4.12.2
    # via pydantic
    # via pydantic-core
    # via tables
tzdata==2024.1
    # via pandas
validators==0.33.0
    # via pypsa
xarray==2024.7.0
    # via linopy
    # via pypsa
xmltodict==0.13.0
    # via ispypsa
zipp==3.20.2
    # via importlib-metadata
